// !$*UTF8*$!
{
	archiveVersion = 1;
	classes = {
	};
	objectVersion = 77;
	objects = {

/* Begin PBXBuildFile section */
		434A86352EC7039A00D5F613 /* MainTabView.swift in Sources */ = {isa = PBXBuildFile; fileRef = 434A862D2EC7039A00D5F613 /* MainTabView.swift */; };
		434A86362EC7039A00D5F613 /* HapticManager.swift in Sources */ = {isa = PBXBuildFile; fileRef = 434A86232EC7039A00D5F613 /* HapticManager.swift */; };
		434A86372EC7039A00D5F613 /* StatsView.swift in Sources */ = {isa = PBXBuildFile; fileRef = 434A86302EC7039A00D5F613 /* StatsView.swift */; };
		434A86382EC7039A00D5F613 /* HabitEntry.swift in Sources */ = {isa = PBXBuildFile; fileRef = 434A86212EC7039A00D5F613 /* HabitEntry.swift */; };
		434A86392EC7039A00D5F613 /* Theme.swift in Sources */ = {isa = PBXBuildFile; fileRef = 434A86282EC7039A00D5F613 /* Theme.swift */; };
		434A863A2EC7039A00D5F613 /* NotificationManager.swift in Sources */ = {isa = PBXBuildFile; fileRef = 434A86252EC7039A00D5F613 /* NotificationManager.swift */; };
		434A863B2EC7039A00D5F613 /* Habit.swift in Sources */ = {isa = PBXBuildFile; fileRef = 434A86202EC7039A00D5F613 /* Habit.swift */; };
		434A863C2EC7039A00D5F613 /* TodayView.swift in Sources */ = {isa = PBXBuildFile; fileRef = 434A86312EC7039A00D5F613 /* TodayView.swift */; };
		434A863D2EC7039A00D5F613 /* TinyHabitsApp.swift in Sources */ = {isa = PBXBuildFile; fileRef = 434A86332EC7039A00D5F613 /* TinyHabitsApp.swift */; };
		434A863E2EC7039A00D5F613 /* StoreManager.swift in Sources */ = {isa = PBXBuildFile; fileRef = 434A86262EC7039A00D5F613 /* StoreManager.swift */; };
		434A863F2EC7039A00D5F613 /* HabitCardView.swift in Sources */ = {isa = PBXBuildFile; fileRef = 434A862C2EC7039A00D5F613 /* HabitCardView.swift */; };
		434A86402EC7039A00D5F613 /* SettingsView.swift in Sources */ = {isa = PBXBuildFile; fileRef = 434A862F2EC7039A00D5F613 /* SettingsView.swift */; };
		434A86412EC7039A00D5F613 /* ModelContext+Saving.swift in Sources */ = {isa = PBXBuildFile; fileRef = 434A86242EC7039A00D5F613 /* ModelContext+Saving.swift */; };
		434A86422EC7039A00D5F613 /* OnboardingView.swift in Sources */ = {isa = PBXBuildFile; fileRef = 434A862E2EC7039A00D5F613 /* OnboardingView.swift */; };
/* End PBXBuildFile section */

/* Begin PBXFileReference section */
		434A86122EC702EF00D5F613 /* TintHabits.app */ = {isa = PBXFileReference; explicitFileType = wrapper.application; includeInIndex = 0; path = TintHabits.app; sourceTree = BUILT_PRODUCTS_DIR; };
		434A86202EC7039A00D5F613 /* Habit.swift */ = {isa = PBXFileReference; lastKnownFileType = sourcecode.swift; path = Habit.swift; sourceTree = "<group>"; };
		434A86212EC7039A00D5F613 /* HabitEntry.swift */ = {isa = PBXFileReference; lastKnownFileType = sourcecode.swift; path = HabitEntry.swift; sourceTree = "<group>"; };
		434A86232EC7039A00D5F613 /* HapticManager.swift */ = {isa = PBXFileReference; lastKnownFileType = sourcecode.swift; path = HapticManager.swift; sourceTree = "<group>"; };
		434A86242EC7039A00D5F613 /* ModelContext+Saving.swift */ = {isa = PBXFileReference; lastKnownFileType = sourcecode.swift; path = "ModelContext+Saving.swift"; sourceTree = "<group>"; };
		434A86252EC7039A00D5F613 /* NotificationManager.swift */ = {isa = PBXFileReference; lastKnownFileType = sourcecode.swift; path = NotificationManager.swift; sourceTree = "<group>"; };
		434A86262EC7039A00D5F613 /* StoreManager.swift */ = {isa = PBXFileReference; lastKnownFileType = sourcecode.swift; path = StoreManager.swift; sourceTree = "<group>"; };
		434A86282EC7039A00D5F613 /* Theme.swift */ = {isa = PBXFileReference; lastKnownFileType = sourcecode.swift; path = Theme.swift; sourceTree = "<group>"; };
		434A862A2EC7039A00D5F613 /* Info.plist */ = {isa = PBXFileReference; lastKnownFileType = text.plist.xml; path = Info.plist; sourceTree = "<group>"; };
		434A862C2EC7039A00D5F613 /* HabitCardView.swift */ = {isa = PBXFileReference; lastKnownFileType = sourcecode.swift; path = HabitCardView.swift; sourceTree = "<group>"; };
		434A862D2EC7039A00D5F613 /* MainTabView.swift */ = {isa = PBXFileReference; lastKnownFileType = sourcecode.swift; path = MainTabView.swift; sourceTree = "<group>"; };
		434A862E2EC7039A00D5F613 /* OnboardingView.swift */ = {isa = PBXFileReference; lastKnownFileType = sourcecode.swift; path = OnboardingView.swift; sourceTree = "<group>"; };
		434A862F2EC7039A00D5F613 /* SettingsView.swift */ = {isa = PBXFileReference; lastKnownFileType = sourcecode.swift; path = SettingsView.swift; sourceTree = "<group>"; };
		434A86302EC7039A00D5F613 /* StatsView.swift */ = {isa = PBXFileReference; lastKnownFileType = sourcecode.swift; path = StatsView.swift; sourceTree = "<group>"; };
		434A86312EC7039A00D5F613 /* TodayView.swift */ = {isa = PBXFileReference; lastKnownFileType = sourcecode.swift; path = TodayView.swift; sourceTree = "<group>"; };
		434A86332EC7039A00D5F613 /* TinyHabitsApp.swift */ = {isa = PBXFileReference; lastKnownFileType = sourcecode.swift; path = TinyHabitsApp.swift; sourceTree = "<group>"; };
		434A86442EC7042300D5F613 /* TinyHabitsWidget.swift */ = {isa = PBXFileReference; lastKnownFileType = sourcecode.swift; path = TinyHabitsWidget.swift; sourceTree = "<group>"; };
/* End PBXFileReference section */

/* Begin PBXFrameworksBuildPhase section */
		434A860F2EC702EF00D5F613 /* Frameworks */ = {
			isa = PBXFrameworksBuildPhase;
			buildActionMask = 2147483647;
			files = (
			);
			runOnlyForDeploymentPostprocessing = 0;
		};
/* End PBXFrameworksBuildPhase section */

/* Begin PBXGroup section */
		434A86092EC702EF00D5F613 = {
			isa = PBXGroup;
			children = (
				434A86452EC7042300D5F613 /* TinyHabitsWidgets */,
				434A86342EC7039A00D5F613 /* TinyHabits */,
				434A86132EC702EF00D5F613 /* Products */,
			);
			sourceTree = "<group>";
		};
		434A86132EC702EF00D5F613 /* Products */ = {
			isa = PBXGroup;
			children = (
				434A86122EC702EF00D5F613 /* TintHabits.app */,
			);
			name = Products;
			sourceTree = "<group>";
		};
		434A86222EC7039A00D5F613 /* Models */ = {
			isa = PBXGroup;
			children = (
				434A86202EC7039A00D5F613 /* Habit.swift */,
				434A86212EC7039A00D5F613 /* HabitEntry.swift */,
			);
			path = Models;
			sourceTree = "<group>";
		};
		434A86272EC7039A00D5F613 /* Services */ = {
			isa = PBXGroup;
			children = (
				434A86232EC7039A00D5F613 /* HapticManager.swift */,
				434A86242EC7039A00D5F613 /* ModelContext+Saving.swift */,
				434A86252EC7039A00D5F613 /* NotificationManager.swift */,
				434A86262EC7039A00D5F613 /* StoreManager.swift */,
			);
			path = Services;
			sourceTree = "<group>";
		};
		434A86292EC7039A00D5F613 /* Theme */ = {
			isa = PBXGroup;
			children = (
				434A86282EC7039A00D5F613 /* Theme.swift */,
			);
			path = Theme;
			sourceTree = "<group>";
		};
		434A862B2EC7039A00D5F613 /* TinyHabits */ = {
			isa = PBXGroup;
			children = (
				434A862A2EC7039A00D5F613 /* Info.plist */,
			);
			path = TinyHabits;
			sourceTree = "<group>";
		};
		434A86322EC7039A00D5F613 /* Views */ = {
			isa = PBXGroup;
			children = (
				434A862C2EC7039A00D5F613 /* HabitCardView.swift */,
				434A862D2EC7039A00D5F613 /* MainTabView.swift */,
				434A862E2EC7039A00D5F613 /* OnboardingView.swift */,
				434A862F2EC7039A00D5F613 /* SettingsView.swift */,
				434A86302EC7039A00D5F613 /* StatsView.swift */,
				434A86312EC7039A00D5F613 /* TodayView.swift */,
			);
			path = Views;
			sourceTree = "<group>";
		};
		434A86342EC7039A00D5F613 /* TinyHabits */ = {
			isa = PBXGroup;
			children = (
				434A86222EC7039A00D5F613 /* Models */,
				434A86272EC7039A00D5F613 /* Services */,
				434A86292EC7039A00D5F613 /* Theme */,
				434A862B2EC7039A00D5F613 /* TinyHabits */,
				434A86322EC7039A00D5F613 /* Views */,
				434A86332EC7039A00D5F613 /* TinyHabitsApp.swift */,
			);
			path = TinyHabits;
			sourceTree = "<group>";
		};
		434A86452EC7042300D5F613 /* TinyHabitsWidgets */ = {
			isa = PBXGroup;
			children = (
				434A86442EC7042300D5F613 /* TinyHabitsWidget.swift */,
			);
			path = TinyHabitsWidgets;
			sourceTree = "<group>";
		};
/* End PBXGroup section */

/* Begin PBXNativeTarget section */
		434A86112EC702EF00D5F613 /* TintHabits */ = {
			isa = PBXNativeTarget;
			buildConfigurationList = 434A861D2EC702F200D5F613 /* Build configuration list for PBXNativeTarget "TintHabits" */;
			buildPhases = (
				434A860E2EC702EF00D5F613 /* Sources */,
				434A860F2EC702EF00D5F613 /* Frameworks */,
			);
			buildRules = (
			);
			dependencies = (
			);
			name = TintHabits;
			packageProductDependencies = (
			);
			productName = TintHabits;
			productReference = 434A86122EC702EF00D5F613 /* TintHabits.app */;
			productType = "com.apple.product-type.application";
		};
/* End PBXNativeTarget section */

/* Begin PBXProject section */
		434A860A2EC702EF00D5F613 /* Project object */ = {
			isa = PBXProject;
			attributes = {
				BuildIndependentTargetsInParallel = 1;
				LastSwiftUpdateCheck = 2610;
				LastUpgradeCheck = 2610;
				TargetAttributes = {
					434A86112EC702EF00D5F613 = {
						CreatedOnToolsVersion = 26.1.1;
					};
				};
			};
			buildConfigurationList = 434A860D2EC702EF00D5F613 /* Build configuration list for PBXProject "TintHabits" */;
			developmentRegion = en;
			hasScannedForEncodings = 0;
			knownRegions = (
				en,
				Base,
			);
			mainGroup = 434A86092EC702EF00D5F613;
			minimizedProjectReferenceProxies = 1;
			preferredProjectObjectVersion = 77;
			productRefGroup = 434A86132EC702EF00D5F613 /* Products */;
			projectDirPath = "";
			projectRoot = "";
			targets = (
				434A86112EC702EF00D5F613 /* TintHabits */,
			);
		};
/* End PBXProject section */

/* Begin PBXSourcesBuildPhase section */
		434A860E2EC702EF00D5F613 /* Sources */ = {
			isa = PBXSourcesBuildPhase;
			buildActionMask = 2147483647;
			files = (
				434A86352EC7039A00D5F613 /* MainTabView.swift in Sources */,
				434A86362EC7039A00D5F613 /* HapticManager.swift in Sources */,
				434A86372EC7039A00D5F613 /* StatsView.swift in Sources */,
				434A86382EC7039A00D5F613 /* HabitEntry.swift in Sources */,
				434A86392EC7039A00D5F613 /* Theme.swift in Sources */,
				434A863A2EC7039A00D5F613 /* NotificationManager.swift in Sources */,
				434A863B2EC7039A00D5F613 /* Habit.swift in Sources */,
				434A863C2EC7039A00D5F613 /* TodayView.swift in Sources */,
				434A863D2EC7039A00D5F613 /* TinyHabitsApp.swift in Sources */,
				434A863E2EC7039A00D5F613 /* StoreManager.swift in Sources */,
				434A863F2EC7039A00D5F613 /* HabitCardView.swift in Sources */,
				434A86402EC7039A00D5F613 /* SettingsView.swift in Sources */,
				434A86412EC7039A00D5F613 /* ModelContext+Saving.swift in Sources */,
				434A86422EC7039A00D5F613 /* OnboardingView.swift in Sources */,
			);
			runOnlyForDeploymentPostprocessing = 0;
		};
/* End PBXSourcesBuildPhase section */

/* Begin XCBuildConfiguration section */
		434A861B2EC702F200D5F613 /* Debug */ = {
			isa = XCBuildConfiguration;
			buildSettings = {
				ALWAYS_SEARCH_USER_PATHS = NO;
				ASSETCATALOG_COMPILER_GENERATE_SWIFT_ASSET_SYMBOL_EXTENSIONS = YES;
				CLANG_ANALYZER_NONNULL = YES;
				CLANG_ANALYZER_NUMBER_OBJECT_CONVERSION = YES_AGGRESSIVE;
				CLANG_CXX_LANGUAGE_STANDARD = "gnu++20";
				CLANG_ENABLE_MODULES = YES;
				CLANG_ENABLE_OBJC_ARC = YES;
				CLANG_ENABLE_OBJC_WEAK = YES;
				CLANG_WARN_BLOCK_CAPTURE_AUTORELEASING = YES;
				CLANG_WARN_BOOL_CONVERSION = YES;
				CLANG_WARN_COMMA = YES;
				CLANG_WARN_CONSTANT_CONVERSION = YES;
				CLANG_WARN_DEPRECATED_OBJC_IMPLEMENTATIONS = YES;
				CLANG_WARN_DIRECT_OBJC_ISA_USAGE = YES_ERROR;
				CLANG_WARN_DOCUMENTATION_COMMENTS = YES;
				CLANG_WARN_EMPTY_BODY = YES;
				CLANG_WARN_ENUM_CONVERSION = YES;
				CLANG_WARN_INFINITE_RECURSION = YES;
				CLANG_WARN_INT_CONVERSION = YES;
				CLANG_WARN_NON_LITERAL_NULL_CONVERSION = YES;
				CLANG_WARN_OBJC_IMPLICIT_RETAIN_SELF = YES;
				CLANG_WARN_OBJC_LITERAL_CONVERSION = YES;
				CLANG_WARN_OBJC_ROOT_CLASS = YES_ERROR;
				CLANG_WARN_QUOTED_INCLUDE_IN_FRAMEWORK_HEADER = YES;
				CLANG_WARN_RANGE_LOOP_ANALYSIS = YES;
				CLANG_WARN_STRICT_PROTOTYPES = YES;
				CLANG_WARN_SUSPICIOUS_MOVE = YES;
				CLANG_WARN_UNGUARDED_AVAILABILITY = YES_AGGRESSIVE;
				CLANG_WARN_UNREACHABLE_CODE = YES;
				CLANG_WARN__DUPLICATE_METHOD_MATCH = YES;
				COPY_PHASE_STRIP = NO;
				DEBUG_INFORMATION_FORMAT = dwarf;
				DEVELOPMENT_TEAM = USASBWPY7T;
				ENABLE_STRICT_OBJC_MSGSEND = YES;
				ENABLE_TESTABILITY = YES;
				ENABLE_USER_SCRIPT_SANDBOXING = YES;
				GCC_C_LANGUAGE_STANDARD = gnu17;
				GCC_DYNAMIC_NO_PIC = NO;
				GCC_NO_COMMON_BLOCKS = YES;
				GCC_OPTIMIZATION_LEVEL = 0;
				GCC_PREPROCESSOR_DEFINITIONS = (
					"DEBUG=1",
					"$(inherited)",
				);
				GCC_WARN_64_TO_32_BIT_CONVERSION = YES;
				GCC_WARN_ABOUT_RETURN_TYPE = YES_ERROR;
				GCC_WARN_UNDECLARED_SELECTOR = YES;
				GCC_WARN_UNINITIALIZED_AUTOS = YES_AGGRESSIVE;
				GCC_WARN_UNUSED_FUNCTION = YES;
				GCC_WARN_UNUSED_VARIABLE = YES;
				IPHONEOS_DEPLOYMENT_TARGET = 26.1;
				LOCALIZATION_PREFERS_STRING_CATALOGS = YES;
				MTL_ENABLE_DEBUG_INFO = INCLUDE_SOURCE;
				MTL_FAST_MATH = YES;
				ONLY_ACTIVE_ARCH = YES;
				SDKROOT = iphoneos;
				SWIFT_ACTIVE_COMPILATION_CONDITIONS = "DEBUG $(inherited)";
				SWIFT_OPTIMIZATION_LEVEL = "-Onone";
			};
			name = Debug;
		};
		434A861C2EC702F200D5F613 /* Release */ = {
			isa = XCBuildConfiguration;
			buildSettings = {
				ALWAYS_SEARCH_USER_PATHS = NO;
				ASSETCATALOG_COMPILER_GENERATE_SWIFT_ASSET_SYMBOL_EXTENSIONS = YES;
				CLANG_ANALYZER_NONNULL = YES;
				CLANG_ANALYZER_NUMBER_OBJECT_CONVERSION = YES_AGGRESSIVE;
				CLANG_CXX_LANGUAGE_STANDARD = "gnu++20";
				CLANG_ENABLE_MODULES = YES;
				CLANG_ENABLE_OBJC_ARC = YES;
				CLANG_ENABLE_OBJC_WEAK = YES;
				CLANG_WARN_BLOCK_CAPTURE_AUTORELEASING = YES;
				CLANG_WARN_BOOL_CONVERSION = YES;
				CLANG_WARN_COMMA = YES;
				CLANG_WARN_CONSTANT_CONVERSION = YES;
				CLANG_WARN_DEPRECATED_OBJC_IMPLEMENTATIONS = YES;
				CLANG_WARN_DIRECT_OBJC_ISA_USAGE = YES_ERROR;
				CLANG_WARN_DOCUMENTATION_COMMENTS = YES;
				CLANG_WARN_EMPTY_BODY = YES;
				CLANG_WARN_ENUM_CONVERSION = YES;
				CLANG_WARN_INFINITE_RECURSION = YES;
				CLANG_WARN_INT_CONVERSION = YES;
				CLANG_WARN_NON_LITERAL_NULL_CONVERSION = YES;
				CLANG_WARN_OBJC_IMPLICIT_RETAIN_SELF = YES;
				CLANG_WARN_OBJC_LITERAL_CONVERSION = YES;
				CLANG_WARN_OBJC_ROOT_CLASS = YES_ERROR;
				CLANG_WARN_QUOTED_INCLUDE_IN_FRAMEWORK_HEADER = YES;
				CLANG_WARN_RANGE_LOOP_ANALYSIS = YES;
				CLANG_WARN_STRICT_PROTOTYPES = YES;
				CLANG_WARN_SUSPICIOUS_MOVE = YES;
				CLANG_WARN_UNGUARDED_AVAILABILITY = YES_AGGRESSIVE;
				CLANG_WARN_UNREACHABLE_CODE = YES;
				CLANG_WARN__DUPLICATE_METHOD_MATCH = YES;
				COPY_PHASE_STRIP = NO;
				DEBUG_INFORMATION_FORMAT = "dwarf-with-dsym";
				DEVELOPMENT_TEAM = USASBWPY7T;
				ENABLE_NS_ASSERTIONS = NO;
				ENABLE_STRICT_OBJC_MSGSEND = YES;
				ENABLE_USER_SCRIPT_SANDBOXING = YES;
				GCC_C_LANGUAGE_STANDARD = gnu17;
				GCC_NO_COMMON_BLOCKS = YES;
				GCC_WARN_64_TO_32_BIT_CONVERSION = YES;
				GCC_WARN_ABOUT_RETURN_TYPE = YES_ERROR;
				GCC_WARN_UNDECLARED_SELECTOR = YES;
				GCC_WARN_UNINITIALIZED_AUTOS = YES_AGGRESSIVE;
				GCC_WARN_UNUSED_FUNCTION = YES;
				GCC_WARN_UNUSED_VARIABLE = YES;
				IPHONEOS_DEPLOYMENT_TARGET = 26.1;
				LOCALIZATION_PREFERS_STRING_CATALOGS = YES;
				MTL_ENABLE_DEBUG_INFO = NO;
				MTL_FAST_MATH = YES;
				SDKROOT = iphoneos;
				SWIFT_COMPILATION_MODE = wholemodule;
				VALIDATE_PRODUCT = YES;
			};
			name = Release;
		};
		434A861E2EC702F200D5F613 /* Debug */ = {
			isa = XCBuildConfiguration;
			buildSettings = {
				ASSETCATALOG_COMPILER_APPICON_NAME = AppIcon;
				ASSETCATALOG_COMPILER_GLOBAL_ACCENT_COLOR_NAME = AccentColor;
				CODE_SIGN_STYLE = Automatic;
				CURRENT_PROJECT_VERSION = 1;
				DEVELOPMENT_TEAM = USASBWPY7T;
				ENABLE_PREVIEWS = YES;
				GENERATE_INFOPLIST_FILE = YES;
				INFOPLIST_KEY_UIApplicationSceneManifest_Generation = YES;
				INFOPLIST_KEY_UIApplicationSupportsIndirectInputEvents = YES;
				INFOPLIST_KEY_UILaunchScreen_Generation = YES;
				INFOPLIST_KEY_UISupportedInterfaceOrientations_iPad = "UIInterfaceOrientationPortrait UIInterfaceOrientationPortraitUpsideDown UIInterfaceOrientationLandscapeLeft UIInterfaceOrientationLandscapeRight";
				INFOPLIST_KEY_UISupportedInterfaceOrientations_iPhone = "UIInterfaceOrientationPortrait UIInterfaceOrientationLandscapeLeft UIInterfaceOrientationLandscapeRight";
				IPHONEOS_DEPLOYMENT_TARGET = 18.6;
				LD_RUNPATH_SEARCH_PATHS = (
					"$(inherited)",
					"@executable_path/Frameworks",
				);
				MARKETING_VERSION = 1.0;
				PRODUCT_BUNDLE_IDENTIFIER = com.smartapps.TintHabits;
				PRODUCT_NAME = "$(TARGET_NAME)";
				STRING_CATALOG_GENERATE_SYMBOLS = YES;
				SWIFT_APPROACHABLE_CONCURRENCY = YES;
				SWIFT_DEFAULT_ACTOR_ISOLATION = MainActor;
				SWIFT_EMIT_LOC_STRINGS = YES;
				SWIFT_UPCOMING_FEATURE_MEMBER_IMPORT_VISIBILITY = YES;
				SWIFT_VERSION = 5.0;
				TARGETED_DEVICE_FAMILY = "1,2";
			};
			name = Debug;
		};
		434A861F2EC702F200D5F613 /* Release */ = {
			isa = XCBuildConfiguration;
			buildSettings = {
				ASSETCATALOG_COMPILER_APPICON_NAME = AppIcon;
				ASSETCATALOG_COMPILER_GLOBAL_ACCENT_COLOR_NAME = AccentColor;
				CODE_SIGN_STYLE = Automatic;
				CURRENT_PROJECT_VERSION = 1;
				DEVELOPMENT_TEAM = USASBWPY7T;
				ENABLE_PREVIEWS = YES;
				GENERATE_INFOPLIST_FILE = YES;
				INFOPLIST_KEY_UIApplicationSceneManifest_Generation = YES;
				INFOPLIST_KEY_UIApplicationSupportsIndirectInputEvents = YES;
				INFOPLIST_KEY_UILaunchScreen_Generation = YES;
				INFOPLIST_KEY_UISupportedInterfaceOrientations_iPad = "UIInterfaceOrientationPortrait UIInterfaceOrientationPortraitUpsideDown UIInterfaceOrientationLandscapeLeft UIInterfaceOrientationLandscapeRight";
				INFOPLIST_KEY_UISupportedInterfaceOrientations_iPhone = "UIInterfaceOrientationPortrait UIInterfaceOrientationLandscapeLeft UIInterfaceOrientationLandscapeRight";
				IPHONEOS_DEPLOYMENT_TARGET = 18.6;
				LD_RUNPATH_SEARCH_PATHS = (
					"$(inherited)",
					"@executable_path/Frameworks",
				);
				MARKETING_VERSION = 1.0;
				PRODUCT_BUNDLE_IDENTIFIER = com.smartapps.TintHabits;
				PRODUCT_NAME = "$(TARGET_NAME)";
				STRING_CATALOG_GENERATE_SYMBOLS = YES;
				SWIFT_APPROACHABLE_CONCURRENCY = YES;
				SWIFT_DEFAULT_ACTOR_ISOLATION = MainActor;
				SWIFT_EMIT_LOC_STRINGS = YES;
				SWIFT_UPCOMING_FEATURE_MEMBER_IMPORT_VISIBILITY = YES;
				SWIFT_VERSION = 5.0;
				TARGETED_DEVICE_FAMILY = "1,2";
			};
			name = Release;
		};
/* End XCBuildConfiguration section */

/* Begin XCConfigurationList section */
		434A860D2EC702EF00D5F613 /* Build configuration list for PBXProject "TintHabits" */ = {
			isa = XCConfigurationList;
			buildConfigurations = (
				434A861B2EC702F200D5F613 /* Debug */,
				434A861C2EC702F200D5F613 /* Release */,
			);
			defaultConfigurationIsVisible = 0;
			defaultConfigurationName = Release;
		};
		434A861D2EC702F200D5F613 /* Build configuration list for PBXNativeTarget "TintHabits" */ = {
			isa = XCConfigurationList;
			buildConfigurations = (
				434A861E2EC702F200D5F613 /* Debug */,
				434A861F2EC702F200D5F613 /* Release */,
			);
			defaultConfigurationIsVisible = 0;
			defaultConfigurationName = Release;
		};
/* End XCConfigurationList section */
	};
	rootObject = 434A860A2EC702EF00D5F613 /* Project object */;
}
